Microsoft Visual Studio Solution File, Format Version 12.00
# Visual Studio Version 17
VisualStudioVersion = 17.5.2.0
MinimumVisualStudioVersion = 10.0.40219.1
Project("{FAE04EC0-301F-11D3-BF4B-00C04F79EFBC}") = "BingoMAUI", "BingoMAUI.csproj", "{53212C97-F724-5D02-A761-DF14AD310DC2}"
EndProject
Global
	GlobalSection(SolutionConfigurationPlatforms) = preSolution
		Debug|Any CPU = Debug|Any CPU
		Release|Any CPU = Release|Any CPU
	EndGlobalSection
	GlobalSection(ProjectConfigurationPlatforms) = postSolution
		{53212C97-F724-5D02-A761-DF14AD310DC2}.Debug|Any CPU.ActiveCfg = Debug|Any CPU
		{53212C97-F724-5D02-A761-DF14AD310DC2}.Debug|Any CPU.Build.0 = Debug|Any CPU
		{53212C97-F724-5D02-A761-DF14AD310DC2}.Release|Any CPU.ActiveCfg = Release|Any CPU
		{53212C97-F724-5D02-A761-DF14AD310DC2}.Release|Any CPU.Build.0 = Release|Any CPU
	EndGlobalSection
	GlobalSection(SolutionProperties) = preSolution
		HideSolutionNode = FALSE
	EndGlobalSection
	GlobalSection(ExtensibilityGlobals) = postSolution
		SolutionGuid = {64884081-E7FE-4EF5-9F0E-428AEF950AA5}
	EndGlobalSection
EndGlobal
